
Microsoft Visual Studio Solution File, Format Version 11.00
# Visual Studio 2010
Project("{FAE04EC0-301F-11D3-BF4B-00C04F79EFBC}") = "OneShot", "OneShot.csproj", "{e77ae6a1-c149-33aa-d62b-fa1c9420e6e9}"
EndProject
Project("{FAE04EC0-301F-11D3-BF4B-00C04F79EFBC}") = "RecursiveInjection", "RecursiveInjection.csproj", "{27a28def-d706-0dd4-44d2-1b24d5efd8f8}"
EndProject
Project("{FAE04EC0-301F-11D3-BF4B-00C04F79EFBC}") = "ScriptableObjectContainer", "ScriptableObjectContainer.csproj", "{c46d49d5-03dc-b800-011b-e4191cf15c8c}"
EndProject
Project("{FAE04EC0-301F-11D3-BF4B-00C04F79EFBC}") = "Tests", "Tests.csproj", "{f518fdd9-eb98-3441-e46d-160b6dd02d26}"
EndProject
Global
	GlobalSection(SolutionConfigurationPlatforms) = preSolution
		Debug|Any CPU = Debug|Any CPU
		Release|Any CPU = Release|Any CPU
	EndGlobalSection
	GlobalSection(ProjectConfigurationPlatforms) = postSolution
		{e77ae6a1-c149-33aa-d62b-fa1c9420e6e9}.Debug|Any CPU.ActiveCfg = Debug|Any CPU
		{e77ae6a1-c149-33aa-d62b-fa1c9420e6e9}.Debug|Any CPU.Build.0 = Debug|Any CPU
		{e77ae6a1-c149-33aa-d62b-fa1c9420e6e9}.Release|Any CPU.ActiveCfg = Release|Any CPU
		{e77ae6a1-c149-33aa-d62b-fa1c9420e6e9}.Release|Any CPU.Build.0 = Release|Any CPU
		{27a28def-d706-0dd4-44d2-1b24d5efd8f8}.Debug|Any CPU.ActiveCfg = Debug|Any CPU
		{27a28def-d706-0dd4-44d2-1b24d5efd8f8}.Debug|Any CPU.Build.0 = Debug|Any CPU
		{27a28def-d706-0dd4-44d2-1b24d5efd8f8}.Release|Any CPU.ActiveCfg = Release|Any CPU
		{27a28def-d706-0dd4-44d2-1b24d5efd8f8}.Release|Any CPU.Build.0 = Release|Any CPU
		{c46d49d5-03dc-b800-011b-e4191cf15c8c}.Debug|Any CPU.ActiveCfg = Debug|Any CPU
		{c46d49d5-03dc-b800-011b-e4191cf15c8c}.Debug|Any CPU.Build.0 = Debug|Any CPU
		{c46d49d5-03dc-b800-011b-e4191cf15c8c}.Release|Any CPU.ActiveCfg = Release|Any CPU
		{c46d49d5-03dc-b800-011b-e4191cf15c8c}.Release|Any CPU.Build.0 = Release|Any CPU
		{f518fdd9-eb98-3441-e46d-160b6dd02d26}.Debug|Any CPU.ActiveCfg = Debug|Any CPU
		{f518fdd9-eb98-3441-e46d-160b6dd02d26}.Debug|Any CPU.Build.0 = Debug|Any CPU
		{f518fdd9-eb98-3441-e46d-160b6dd02d26}.Release|Any CPU.ActiveCfg = Release|Any CPU
		{f518fdd9-eb98-3441-e46d-160b6dd02d26}.Release|Any CPU.Build.0 = Release|Any CPU
	EndGlobalSection
	GlobalSection(SolutionProperties) = preSolution
		HideSolutionNode = FALSE
	EndGlobalSection
EndGlobal
