
Microsoft Visual Studio Solution File, Format Version 12.00
Project("{FAE04EC0-301F-11D3-BF4B-00C04F79EFBC}") = "OneShotInjection", "OneShotInjection\OneShotInjection.csproj", "{84622D1A-E5DC-43F1-AC7E-DDFA8EC04238}"
EndProject
Project("{FAE04EC0-301F-11D3-BF4B-00C04F79EFBC}") = "Test", "Test\Test.csproj", "{7DDEDBDE-A1CE-4B5A-BE14-1BE8B27E14D9}"
EndProject
Project("{FAE04EC0-301F-11D3-BF4B-00C04F79EFBC}") = "Benchmark", "Benchmark\Benchmark.csproj", "{4097055A-0D74-42A5-8AA0-F0EADB2C5B5E}"
EndProject
Global
	GlobalSection(SolutionConfigurationPlatforms) = preSolution
		Debug|Any CPU = Debug|Any CPU
		Release|Any CPU = Release|Any CPU
	EndGlobalSection
	GlobalSection(ProjectConfigurationPlatforms) = postSolution
		{84622D1A-E5DC-43F1-AC7E-DDFA8EC04238}.Debug|Any CPU.ActiveCfg = Debug|Any CPU
		{84622D1A-E5DC-43F1-AC7E-DDFA8EC04238}.Debug|Any CPU.Build.0 = Debug|Any CPU
		{84622D1A-E5DC-43F1-AC7E-DDFA8EC04238}.Release|Any CPU.ActiveCfg = Release|Any CPU
		{84622D1A-E5DC-43F1-AC7E-DDFA8EC04238}.Release|Any CPU.Build.0 = Release|Any CPU
		{7DDEDBDE-A1CE-4B5A-BE14-1BE8B27E14D9}.Debug|Any CPU.ActiveCfg = Debug|Any CPU
		{7DDEDBDE-A1CE-4B5A-BE14-1BE8B27E14D9}.Debug|Any CPU.Build.0 = Debug|Any CPU
		{7DDEDBDE-A1CE-4B5A-BE14-1BE8B27E14D9}.Release|Any CPU.ActiveCfg = Release|Any CPU
		{7DDEDBDE-A1CE-4B5A-BE14-1BE8B27E14D9}.Release|Any CPU.Build.0 = Release|Any CPU
		{4097055A-0D74-42A5-8AA0-F0EADB2C5B5E}.Debug|Any CPU.ActiveCfg = Debug|Any CPU
		{4097055A-0D74-42A5-8AA0-F0EADB2C5B5E}.Debug|Any CPU.Build.0 = Debug|Any CPU
		{4097055A-0D74-42A5-8AA0-F0EADB2C5B5E}.Release|Any CPU.ActiveCfg = Release|Any CPU
		{4097055A-0D74-42A5-8AA0-F0EADB2C5B5E}.Release|Any CPU.Build.0 = Release|Any CPU
	EndGlobalSection
EndGlobal
